
Microsoft Visual Studio Solution File, Format Version 12.00
Project("{2150E333-8FDC-42A3-9474-1A3956D46DE8}") = "Contexts", "Contexts", "{DF04119C-451E-4B99-ACF9-043EF65C95F5}"
EndProject
Project("{2150E333-8FDC-42A3-9474-1A3956D46DE8}") = "Infra", "Infra", "{E0F93678-DAD8-402F-9660-F888EBAB58BC}"
EndProject
Project("{2150E333-8FDC-42A3-9474-1A3956D46DE8}") = "ProductList", "ProductList", "{B42EC0CA-232D-44F2-AB83-12D2A35A2BE1}"
EndProject
Project("{2150E333-8FDC-42A3-9474-1A3956D46DE8}") = "Core", "Core", "{6A9844EB-6E68-4182-A9D2-8D8A041C1915}"
EndProject
Project("{FAE04EC0-301F-11D3-BF4B-00C04F79EFBC}") = "RiseFood.Core", "src\RiseFood.Core\RiseFood.Core.csproj", "{35CBF9EF-8373-4472-9DBF-1AFB4F364552}"
EndProject
Project("{FAE04EC0-301F-11D3-BF4B-00C04F79EFBC}") = "RiseFood.ProductList.Domain", "src\RiseFood.ProductList.Domain\RiseFood.ProductList.Domain.csproj", "{41CD95E5-80DF-4C4A-89A3-5018A6C5C1DD}"
EndProject
Project("{FAE04EC0-301F-11D3-BF4B-00C04F79EFBC}") = "RiseFood.ProductList.AntiCorruption", "src\RiseFood.ProductList.AntiCorruption\RiseFood.ProductList.AntiCorruption.csproj", "{5B5E3B57-A0EF-4FBA-9C09-9CA091D77788}"
EndProject
Project("{FAE04EC0-301F-11D3-BF4B-00C04F79EFBC}") = "RiseFood.IoC", "src\RiseFood.IoC\RiseFood.IoC.csproj", "{17E583F1-F010-4BBB-A92C-5B0AD0F62AA0}"
EndProject
Project("{FAE04EC0-301F-11D3-BF4B-00C04F79EFBC}") = "RiseFood.ProductList.Application", "src\RiseFood.ProductList.Application\RiseFood.ProductList.Application.csproj", "{3AA3E6B8-8BA6-479E-88B6-D14FABFE4043}"
EndProject
Project("{2150E333-8FDC-42A3-9474-1A3956D46DE8}") = "Applications", "Applications", "{7CE0FDD4-307C-4134-969E-16EA923B0FF6}"
EndProject
Project("{FAE04EC0-301F-11D3-BF4B-00C04F79EFBC}") = "RiseFood.WebApi", "src\RiseFood.WebApi\RiseFood.WebApi.csproj", "{CFD4D2BD-B57B-4A20-A3C8-1824F2172306}"
EndProject
Project("{FAE04EC0-301F-11D3-BF4B-00C04F79EFBC}") = "RiseFood.ProductList.Data", "src\RiseFood.ProductList.Data\RiseFood.ProductList.Data.csproj", "{E8D704C0-9EFD-46B0-98D7-BF901D278D42}"
EndProject
Global
	GlobalSection(SolutionConfigurationPlatforms) = preSolution
		Debug|Any CPU = Debug|Any CPU
		Release|Any CPU = Release|Any CPU
	EndGlobalSection
	GlobalSection(NestedProjects) = preSolution
		{B42EC0CA-232D-44F2-AB83-12D2A35A2BE1} = {DF04119C-451E-4B99-ACF9-043EF65C95F5}
		{6A9844EB-6E68-4182-A9D2-8D8A041C1915} = {DF04119C-451E-4B99-ACF9-043EF65C95F5}
		{35CBF9EF-8373-4472-9DBF-1AFB4F364552} = {6A9844EB-6E68-4182-A9D2-8D8A041C1915}
		{41CD95E5-80DF-4C4A-89A3-5018A6C5C1DD} = {B42EC0CA-232D-44F2-AB83-12D2A35A2BE1}
		{5B5E3B57-A0EF-4FBA-9C09-9CA091D77788} = {B42EC0CA-232D-44F2-AB83-12D2A35A2BE1}
		{17E583F1-F010-4BBB-A92C-5B0AD0F62AA0} = {E0F93678-DAD8-402F-9660-F888EBAB58BC}
		{3AA3E6B8-8BA6-479E-88B6-D14FABFE4043} = {B42EC0CA-232D-44F2-AB83-12D2A35A2BE1}
		{CFD4D2BD-B57B-4A20-A3C8-1824F2172306} = {7CE0FDD4-307C-4134-969E-16EA923B0FF6}
		{E8D704C0-9EFD-46B0-98D7-BF901D278D42} = {B42EC0CA-232D-44F2-AB83-12D2A35A2BE1}
	EndGlobalSection
	GlobalSection(ProjectConfigurationPlatforms) = postSolution
		{35CBF9EF-8373-4472-9DBF-1AFB4F364552}.Debug|Any CPU.ActiveCfg = Debug|Any CPU
		{35CBF9EF-8373-4472-9DBF-1AFB4F364552}.Debug|Any CPU.Build.0 = Debug|Any CPU
		{35CBF9EF-8373-4472-9DBF-1AFB4F364552}.Release|Any CPU.ActiveCfg = Release|Any CPU
		{35CBF9EF-8373-4472-9DBF-1AFB4F364552}.Release|Any CPU.Build.0 = Release|Any CPU
		{41CD95E5-80DF-4C4A-89A3-5018A6C5C1DD}.Debug|Any CPU.ActiveCfg = Debug|Any CPU
		{41CD95E5-80DF-4C4A-89A3-5018A6C5C1DD}.Debug|Any CPU.Build.0 = Debug|Any CPU
		{41CD95E5-80DF-4C4A-89A3-5018A6C5C1DD}.Release|Any CPU.ActiveCfg = Release|Any CPU
		{41CD95E5-80DF-4C4A-89A3-5018A6C5C1DD}.Release|Any CPU.Build.0 = Release|Any CPU
		{5B5E3B57-A0EF-4FBA-9C09-9CA091D77788}.Debug|Any CPU.ActiveCfg = Debug|Any CPU
		{5B5E3B57-A0EF-4FBA-9C09-9CA091D77788}.Debug|Any CPU.Build.0 = Debug|Any CPU
		{5B5E3B57-A0EF-4FBA-9C09-9CA091D77788}.Release|Any CPU.ActiveCfg = Release|Any CPU
		{5B5E3B57-A0EF-4FBA-9C09-9CA091D77788}.Release|Any CPU.Build.0 = Release|Any CPU
		{17E583F1-F010-4BBB-A92C-5B0AD0F62AA0}.Debug|Any CPU.ActiveCfg = Debug|Any CPU
		{17E583F1-F010-4BBB-A92C-5B0AD0F62AA0}.Debug|Any CPU.Build.0 = Debug|Any CPU
		{17E583F1-F010-4BBB-A92C-5B0AD0F62AA0}.Release|Any CPU.ActiveCfg = Release|Any CPU
		{17E583F1-F010-4BBB-A92C-5B0AD0F62AA0}.Release|Any CPU.Build.0 = Release|Any CPU
		{3AA3E6B8-8BA6-479E-88B6-D14FABFE4043}.Debug|Any CPU.ActiveCfg = Debug|Any CPU
		{3AA3E6B8-8BA6-479E-88B6-D14FABFE4043}.Debug|Any CPU.Build.0 = Debug|Any CPU
		{3AA3E6B8-8BA6-479E-88B6-D14FABFE4043}.Release|Any CPU.ActiveCfg = Release|Any CPU
		{3AA3E6B8-8BA6-479E-88B6-D14FABFE4043}.Release|Any CPU.Build.0 = Release|Any CPU
		{CFD4D2BD-B57B-4A20-A3C8-1824F2172306}.Debug|Any CPU.ActiveCfg = Debug|Any CPU
		{CFD4D2BD-B57B-4A20-A3C8-1824F2172306}.Debug|Any CPU.Build.0 = Debug|Any CPU
		{CFD4D2BD-B57B-4A20-A3C8-1824F2172306}.Release|Any CPU.ActiveCfg = Release|Any CPU
		{CFD4D2BD-B57B-4A20-A3C8-1824F2172306}.Release|Any CPU.Build.0 = Release|Any CPU
		{E8D704C0-9EFD-46B0-98D7-BF901D278D42}.Debug|Any CPU.ActiveCfg = Debug|Any CPU
		{E8D704C0-9EFD-46B0-98D7-BF901D278D42}.Debug|Any CPU.Build.0 = Debug|Any CPU
		{E8D704C0-9EFD-46B0-98D7-BF901D278D42}.Release|Any CPU.ActiveCfg = Release|Any CPU
		{E8D704C0-9EFD-46B0-98D7-BF901D278D42}.Release|Any CPU.Build.0 = Release|Any CPU
	EndGlobalSection
EndGlobal
